{
  "name": "node-requset-logger",
  "version": "1.0.1",
  "lockfileVersion": 3,
  "requires": true,
  "packages": {
    "": {
      "name": "node-requset-logger",
      "version": "1.0.1",
      "license": "ISC",
      "dependencies": {
        "node-requset-logger": "^1.0.1"
      }
    },
    "node_modules/node-requset-logger": {
      "version": "1.0.1",
      "resolved": "https://registry.npmjs.org/node-requset-logger/-/node-requset-logger-1.0.1.tgz",
      "integrity": "sha512-iIJvk4wMCJC4ARhUH04QTWkHQLwwnw0p5FeOhsWjcswZ0VZPFaEGlkO7twN7kqccJOSLlvkF+JvTKAPerKonkA=="
    }
  }
}
